
Microsoft Visual Studio Solution File, Format Version 12.00
# Visual Studio Version 17
VisualStudioVersion = 17.5.002.0
MinimumVisualStudioVersion = 10.0.40219.1
Project("{9A19103F-16F7-4668-BE54-9A1E7A4F7556}") = "MangaApi", "MangaApi.csproj", "{672BC4D5-B5ED-43C7-B56E-16D956179D13}"
EndProject
Global
	GlobalSection(SolutionConfigurationPlatforms) = preSolution
		Debug|Any CPU = Debug|Any CPU
		Release|Any CPU = Release|Any CPU
	EndGlobalSection
	GlobalSection(ProjectConfigurationPlatforms) = postSolution
		{672BC4D5-B5ED-43C7-B56E-16D956179D13}.Debug|Any CPU.ActiveCfg = Debug|Any CPU
		{672BC4D5-B5ED-43C7-B56E-16D956179D13}.Debug|Any CPU.Build.0 = Debug|Any CPU
		{672BC4D5-B5ED-43C7-B56E-16D956179D13}.Release|Any CPU.ActiveCfg = Release|Any CPU
		{672BC4D5-B5ED-43C7-B56E-16D956179D13}.Release|Any CPU.Build.0 = Release|Any CPU
	EndGlobalSection
	GlobalSection(SolutionProperties) = preSolution
		HideSolutionNode = FALSE
	EndGlobalSection
	GlobalSection(ExtensibilityGlobals) = postSolution
		SolutionGuid = {F4BB491D-8367-4EA2-A437-06DA3B741BB5}
	EndGlobalSection
EndGlobal
